Microsoft Visual Studio Solution File, Format Version 11.00
# Visual Studio 2008

Project("{BF29AC81-8D21-9E9D-8C7E-DEDF8174458F}") = "Brawnimals", "Assembly-CSharp-firstpass.csproj", "{D5918154-8C6D-FDE2-5237-B8ECF35C68F8}"
EndProject
Project("{BF29AC81-8D21-9E9D-8C7E-DEDF8174458F}") = "Brawnimals", "Assembly-CSharp.csproj", "{5474B0A4-0DDC-44F6-DA8D-56C33B67C504}"
EndProject
Project("{BF29AC81-8D21-9E9D-8C7E-DEDF8174458F}") = "Brawnimals", "Assembly-CSharp-Editor.csproj", "{1DEA3DB4-1C8D-1771-E86C-75E18B2889B4}"
EndProject
Global
	GlobalSection(SolutionConfigurationPlatforms) = preSolution
		Debug|Any CPU = Debug|Any CPU
		Release|Any CPU = Release|Any CPU
	EndGlobalSection
	GlobalSection(ProjectConfigurationPlatforms) = postSolution
		{D5918154-8C6D-FDE2-5237-B8ECF35C68F8}.Debug|Any CPU.ActiveCfg = Debug|Any CPU
		{D5918154-8C6D-FDE2-5237-B8ECF35C68F8}.Debug|Any CPU.Build.0 = Debug|Any CPU
		{D5918154-8C6D-FDE2-5237-B8ECF35C68F8}.Release|Any CPU.ActiveCfg = Release|Any CPU
		{D5918154-8C6D-FDE2-5237-B8ECF35C68F8}.Release|Any CPU.Build.0 = Release|Any CPU
		{5474B0A4-0DDC-44F6-DA8D-56C33B67C504}.Debug|Any CPU.ActiveCfg = Debug|Any CPU
		{5474B0A4-0DDC-44F6-DA8D-56C33B67C504}.Debug|Any CPU.Build.0 = Debug|Any CPU
		{5474B0A4-0DDC-44F6-DA8D-56C33B67C504}.Release|Any CPU.ActiveCfg = Release|Any CPU
		{5474B0A4-0DDC-44F6-DA8D-56C33B67C504}.Release|Any CPU.Build.0 = Release|Any CPU
		{1DEA3DB4-1C8D-1771-E86C-75E18B2889B4}.Debug|Any CPU.ActiveCfg = Debug|Any CPU
		{1DEA3DB4-1C8D-1771-E86C-75E18B2889B4}.Debug|Any CPU.Build.0 = Debug|Any CPU
		{1DEA3DB4-1C8D-1771-E86C-75E18B2889B4}.Release|Any CPU.ActiveCfg = Release|Any CPU
		{1DEA3DB4-1C8D-1771-E86C-75E18B2889B4}.Release|Any CPU.Build.0 = Release|Any CPU
	EndGlobalSection
	GlobalSection(SolutionProperties) = preSolution
		HideSolutionNode = FALSE
	EndGlobalSection
	GlobalSection(MonoDevelopProperties) = preSolution
		StartupItem = Assembly-CSharp.csproj
	EndGlobalSection
EndGlobal
